
Microsoft Visual Studio Solution File, Format Version 12.00
# Visual Studio Version 17
VisualStudioVersion = 17.14.36408.4 d17.14
MinimumVisualStudioVersion = 10.0.40219.1
Project("{FAE04EC0-301F-11D3-BF4B-00C04F79EFBC}") = "DotNet8Api", "DotNet8Api.csproj", "{02897B21-6FF1-4F92-197B-2A469113A846}"
EndProject
Global
	GlobalSection(SolutionConfigurationPlatforms) = preSolution
		Debug|Any CPU = Debug|Any CPU
		Release|Any CPU = Release|Any CPU
	EndGlobalSection
	GlobalSection(ProjectConfigurationPlatforms) = postSolution
		{02897B21-6FF1-4F92-197B-2A469113A846}.Debug|Any CPU.ActiveCfg = Debug|Any CPU
		{02897B21-6FF1-4F92-197B-2A469113A846}.Debug|Any CPU.Build.0 = Debug|Any CPU
		{02897B21-6FF1-4F92-197B-2A469113A846}.Release|Any CPU.ActiveCfg = Release|Any CPU
		{02897B21-6FF1-4F92-197B-2A469113A846}.Release|Any CPU.Build.0 = Release|Any CPU
	EndGlobalSection
	GlobalSection(SolutionProperties) = preSolution
		HideSolutionNode = FALSE
	EndGlobalSection
	GlobalSection(ExtensibilityGlobals) = postSolution
		SolutionGuid = {18E98EA5-C4F3-4DAB-88E6-D7E6C1BAE9E5}
	EndGlobalSection
EndGlobal
